
Microsoft Visual Studio Solution File, Format Version 12.00
# Visual Studio Version 17
VisualStudioVersion = 17.4.33403.182
MinimumVisualStudioVersion = 10.0.40219.1
Project("{FAE04EC0-301F-11D3-BF4B-00C04F79EFBC}") = "Presentacion", "Presentacion\Presentacion.csproj", "{05216B21-7944-46F8-A34B-F72B96C594D6}"
EndProject
Project("{FAE04EC0-301F-11D3-BF4B-00C04F79EFBC}") = "Logica", "Logica\Logica.csproj", "{97CEF248-0309-4A77-A0C9-10FDC41104E1}"
EndProject
Project("{FAE04EC0-301F-11D3-BF4B-00C04F79EFBC}") = "Datos", "Datos\Datos.csproj", "{94637413-8F96-4DE0-8B68-77DA7E29D282}"
EndProject
Project("{FAE04EC0-301F-11D3-BF4B-00C04F79EFBC}") = "Entidades", "Entidades\Entidades.csproj", "{A785C99A-9AC3-43FC-979C-33671466CF25}"
EndProject
Global
	GlobalSection(SolutionConfigurationPlatforms) = preSolution
		Debug|Any CPU = Debug|Any CPU
		Release|Any CPU = Release|Any CPU
	EndGlobalSection
	GlobalSection(ProjectConfigurationPlatforms) = postSolution
		{05216B21-7944-46F8-A34B-F72B96C594D6}.Debug|Any CPU.ActiveCfg = Debug|Any CPU
		{05216B21-7944-46F8-A34B-F72B96C594D6}.Debug|Any CPU.Build.0 = Debug|Any CPU
		{05216B21-7944-46F8-A34B-F72B96C594D6}.Release|Any CPU.ActiveCfg = Release|Any CPU
		{05216B21-7944-46F8-A34B-F72B96C594D6}.Release|Any CPU.Build.0 = Release|Any CPU
		{97CEF248-0309-4A77-A0C9-10FDC41104E1}.Debug|Any CPU.ActiveCfg = Debug|Any CPU
		{97CEF248-0309-4A77-A0C9-10FDC41104E1}.Debug|Any CPU.Build.0 = Debug|Any CPU
		{97CEF248-0309-4A77-A0C9-10FDC41104E1}.Release|Any CPU.ActiveCfg = Release|Any CPU
		{97CEF248-0309-4A77-A0C9-10FDC41104E1}.Release|Any CPU.Build.0 = Release|Any CPU
		{94637413-8F96-4DE0-8B68-77DA7E29D282}.Debug|Any CPU.ActiveCfg = Debug|Any CPU
		{94637413-8F96-4DE0-8B68-77DA7E29D282}.Debug|Any CPU.Build.0 = Debug|Any CPU
		{94637413-8F96-4DE0-8B68-77DA7E29D282}.Release|Any CPU.ActiveCfg = Release|Any CPU
		{94637413-8F96-4DE0-8B68-77DA7E29D282}.Release|Any CPU.Build.0 = Release|Any CPU
		{A785C99A-9AC3-43FC-979C-33671466CF25}.Debug|Any CPU.ActiveCfg = Debug|Any CPU
		{A785C99A-9AC3-43FC-979C-33671466CF25}.Debug|Any CPU.Build.0 = Debug|Any CPU
		{A785C99A-9AC3-43FC-979C-33671466CF25}.Release|Any CPU.ActiveCfg = Release|Any CPU
		{A785C99A-9AC3-43FC-979C-33671466CF25}.Release|Any CPU.Build.0 = Release|Any CPU
	EndGlobalSection
	GlobalSection(SolutionProperties) = preSolution
		HideSolutionNode = FALSE
	EndGlobalSection
	GlobalSection(ExtensibilityGlobals) = postSolution
		SolutionGuid = {193E1AB4-274A-4D42-B9C8-9C688BA3471F}
	EndGlobalSection
EndGlobal
